
Microsoft Visual Studio Solution File, Format Version 12.00
# Visual Studio Version 17
VisualStudioVersion = 17.10.35013.160
MinimumVisualStudioVersion = 10.0.40219.1
Project("{FAE04EC0-301F-11D3-BF4B-00C04F79EFBC}") = "C#-advanced-02", "C#-advanced-02\C#-advanced-02.csproj", "{A6DD8D38-5A0F-4B3B-A691-C7A388F08EDB}"
EndProject
Project("{FAE04EC0-301F-11D3-BF4B-00C04F79EFBC}") = "As-02", "As-02\As-02.csproj", "{BD3D000F-0242-4FDD-AA47-296B384E8EA3}"
EndProject
Global
	GlobalSection(SolutionConfigurationPlatforms) = preSolution
		Debug|Any CPU = Debug|Any CPU
		Release|Any CPU = Release|Any CPU
	EndGlobalSection
	GlobalSection(ProjectConfigurationPlatforms) = postSolution
		{A6DD8D38-5A0F-4B3B-A691-C7A388F08EDB}.Debug|Any CPU.ActiveCfg = Debug|Any CPU
		{A6DD8D38-5A0F-4B3B-A691-C7A388F08EDB}.Debug|Any CPU.Build.0 = Debug|Any CPU
		{A6DD8D38-5A0F-4B3B-A691-C7A388F08EDB}.Release|Any CPU.ActiveCfg = Release|Any CPU
		{A6DD8D38-5A0F-4B3B-A691-C7A388F08EDB}.Release|Any CPU.Build.0 = Release|Any CPU
		{BD3D000F-0242-4FDD-AA47-296B384E8EA3}.Debug|Any CPU.ActiveCfg = Debug|Any CPU
		{BD3D000F-0242-4FDD-AA47-296B384E8EA3}.Debug|Any CPU.Build.0 = Debug|Any CPU
		{BD3D000F-0242-4FDD-AA47-296B384E8EA3}.Release|Any CPU.ActiveCfg = Release|Any CPU
		{BD3D000F-0242-4FDD-AA47-296B384E8EA3}.Release|Any CPU.Build.0 = Release|Any CPU
	EndGlobalSection
	GlobalSection(SolutionProperties) = preSolution
		HideSolutionNode = FALSE
	EndGlobalSection
	GlobalSection(ExtensibilityGlobals) = postSolution
		SolutionGuid = {7167DA92-5B08-482E-B633-AB4C8B89EA58}
	EndGlobalSection
EndGlobal
